{
	"name": "app",
	"lockfileVersion": 2,
	"requires": true,
	"packages": {
		"": {
			"dependencies": {
				"console-table-printer": "^2.10.0",
				"mime": "^2.5.2"
			},
			"devDependencies": {
				"@types/mime": "^2.0.3",
				"@types/node": "^16.7.2"
			}
		},
		"node_modules/@types/mime": {
			"version": "2.0.3",
			"resolved": "https://registry.npmjs.org/@types/mime/-/mime-2.0.3.tgz",
			"integrity": "sha512-Jus9s4CDbqwocc5pOAnh8ShfrnMcPHuJYzVcSUU7lrh8Ni5HuIqX3oilL86p3dlTrk0LzHRCgA/GQ7uNCw6l2Q==",
			"dev": true
		},
		"node_modules/@types/node": {
			"version": "16.7.2",
			"resolved": "https://registry.npmjs.org/@types/node/-/node-16.7.2.tgz",
			"integrity": "sha512-TbG4TOx9hng8FKxaVrCisdaxKxqEwJ3zwHoCWXZ0Jw6mnvTInpaB99/2Cy4+XxpXtjNv9/TgfGSvZFyfV/t8Fw==",
			"dev": true
		},
		"node_modules/console-table-printer": {
			"version": "2.10.0",
			"resolved": "https://registry.npmjs.org/console-table-printer/-/console-table-printer-2.10.0.tgz",
			"integrity": "sha512-7pTsysaJs1+R+OO4cCtJbl+Lr4piHYIhi7/V1qHbOg/uiYgq2yUINFgvXZtVHqm9qpW0+Uk190qkGcKvzdunvg==",
			"dependencies": {
				"simple-wcswidth": "^1.0.1"
			}
		},
		"node_modules/mime": {
			"version": "2.5.2",
			"resolved": "https://registry.npmjs.org/mime/-/mime-2.5.2.tgz",
			"integrity": "sha512-tqkh47FzKeCPD2PUiPB6pkbMzsCasjxAfC62/Wap5qrUWcb+sFasXUC5I3gYM5iBM8v/Qpn4UK0x+j0iHyFPDg==",
			"bin": {
				"mime": "cli.js"
			},
			"engines": {
				"node": ">=4.0.0"
			}
		},
		"node_modules/simple-wcswidth": {
			"version": "1.0.1",
			"resolved": "https://registry.npmjs.org/simple-wcswidth/-/simple-wcswidth-1.0.1.tgz",
			"integrity": "sha512-xMO/8eNREtaROt7tJvWJqHBDTMFN4eiQ5I4JRMuilwfnFcV5W9u7RUkueNkdw0jPqGMX36iCywelS5yilTuOxg=="
		}
	},
	"dependencies": {
		"@types/mime": {
			"version": "2.0.3",
			"resolved": "https://registry.npmjs.org/@types/mime/-/mime-2.0.3.tgz",
			"integrity": "sha512-Jus9s4CDbqwocc5pOAnh8ShfrnMcPHuJYzVcSUU7lrh8Ni5HuIqX3oilL86p3dlTrk0LzHRCgA/GQ7uNCw6l2Q==",
			"dev": true
		},
		"@types/node": {
			"version": "16.7.2",
			"resolved": "https://registry.npmjs.org/@types/node/-/node-16.7.2.tgz",
			"integrity": "sha512-TbG4TOx9hng8FKxaVrCisdaxKxqEwJ3zwHoCWXZ0Jw6mnvTInpaB99/2Cy4+XxpXtjNv9/TgfGSvZFyfV/t8Fw==",
			"dev": true
		},
		"console-table-printer": {
			"version": "2.10.0",
			"resolved": "https://registry.npmjs.org/console-table-printer/-/console-table-printer-2.10.0.tgz",
			"integrity": "sha512-7pTsysaJs1+R+OO4cCtJbl+Lr4piHYIhi7/V1qHbOg/uiYgq2yUINFgvXZtVHqm9qpW0+Uk190qkGcKvzdunvg==",
			"requires": {
				"simple-wcswidth": "^1.0.1"
			}
		},
		"mime": {
			"version": "2.5.2",
			"resolved": "https://registry.npmjs.org/mime/-/mime-2.5.2.tgz",
			"integrity": "sha512-tqkh47FzKeCPD2PUiPB6pkbMzsCasjxAfC62/Wap5qrUWcb+sFasXUC5I3gYM5iBM8v/Qpn4UK0x+j0iHyFPDg=="
		},
		"simple-wcswidth": {
			"version": "1.0.1",
			"resolved": "https://registry.npmjs.org/simple-wcswidth/-/simple-wcswidth-1.0.1.tgz",
			"integrity": "sha512-xMO/8eNREtaROt7tJvWJqHBDTMFN4eiQ5I4JRMuilwfnFcV5W9u7RUkueNkdw0jPqGMX36iCywelS5yilTuOxg=="
		}
	}
}
